
Microsoft Visual Studio Solution File, Format Version 12.00
# Visual Studio 2012
Project("{F184B08F-C81C-45F6-A57F-5ABD9991F28F}") = "Projeto_ADRJ2", "Projeto_ADRJ2\Projeto_ADRJ2.vbproj", "{EAD44C6B-8207-4D0F-819B-A3114737FDCD}"
EndProject
Global
	GlobalSection(SolutionConfigurationPlatforms) = preSolution
		Debug|Any CPU = Debug|Any CPU
		Release|Any CPU = Release|Any CPU
	EndGlobalSection
	GlobalSection(ProjectConfigurationPlatforms) = postSolution
		{EAD44C6B-8207-4D0F-819B-A3114737FDCD}.Debug|Any CPU.ActiveCfg = Debug|Any CPU
		{EAD44C6B-8207-4D0F-819B-A3114737FDCD}.Debug|Any CPU.Build.0 = Debug|Any CPU
		{EAD44C6B-8207-4D0F-819B-A3114737FDCD}.Release|Any CPU.ActiveCfg = Release|Any CPU
		{EAD44C6B-8207-4D0F-819B-A3114737FDCD}.Release|Any CPU.Build.0 = Release|Any CPU
	EndGlobalSection
	GlobalSection(SolutionProperties) = preSolution
		HideSolutionNode = FALSE
	EndGlobalSection
EndGlobal
